
Microsoft Visual Studio Solution File, Format Version 12.00
# Visual Studio 15
Project("{FAE04EC0-301F-11D3-BF4B-00C04F79EFBC}") = "Assembly-CSharp", "Assembly-CSharp.csproj", "{D3272B22-0836-BDC2-825A-C26F32B9D5D4}"
EndProject
Project("{FAE04EC0-301F-11D3-BF4B-00C04F79EFBC}") = "Assembly-CSharp-Editor", "Assembly-CSharp-Editor.csproj", "{2326BEE0-1B44-4BC8-FBCA-84D375EBA7CB}"
EndProject
Global
	GlobalSection(SolutionConfigurationPlatforms) = preSolution
		Debug|Any CPU = Debug|Any CPU
		Release|Any CPU = Release|Any CPU
	EndGlobalSection
	GlobalSection(ProjectConfigurationPlatforms) = postSolution
		{D3272B22-0836-BDC2-825A-C26F32B9D5D4}.Debug|Any CPU.ActiveCfg = Debug|Any CPU
		{D3272B22-0836-BDC2-825A-C26F32B9D5D4}.Debug|Any CPU.Build.0 = Debug|Any CPU
		{D3272B22-0836-BDC2-825A-C26F32B9D5D4}.Release|Any CPU.ActiveCfg = Release|Any CPU
		{D3272B22-0836-BDC2-825A-C26F32B9D5D4}.Release|Any CPU.Build.0 = Release|Any CPU
		{2326BEE0-1B44-4BC8-FBCA-84D375EBA7CB}.Debug|Any CPU.ActiveCfg = Debug|Any CPU
		{2326BEE0-1B44-4BC8-FBCA-84D375EBA7CB}.Debug|Any CPU.Build.0 = Debug|Any CPU
		{2326BEE0-1B44-4BC8-FBCA-84D375EBA7CB}.Release|Any CPU.ActiveCfg = Release|Any CPU
		{2326BEE0-1B44-4BC8-FBCA-84D375EBA7CB}.Release|Any CPU.Build.0 = Release|Any CPU
	EndGlobalSection
	GlobalSection(SolutionProperties) = preSolution
		HideSolutionNode = FALSE
	EndGlobalSection
EndGlobal
